
Microsoft Visual Studio Solution File, Format Version 12.00
# Visual Studio Version 17
VisualStudioVersion = 17.0.31919.166
MinimumVisualStudioVersion = 10.0.40219.1
Project("{8BC9CEB8-8B4A-11D0-8D11-00A0C91BC942}") = "Task10", "Task10.vcxproj", "{9270C24C-CD3D-4F23-98CD-F0E6F62AEAAE}"
EndProject
Global
	GlobalSection(SolutionConfigurationPlatforms) = preSolution
		Debug|x64 = Debug|x64
		Debug|x86 = Debug|x86
		Release|x64 = Release|x64
		Release|x86 = Release|x86
	EndGlobalSection
	GlobalSection(ProjectConfigurationPlatforms) = postSolution
		{9270C24C-CD3D-4F23-98CD-F0E6F62AEAAE}.Debug|x64.ActiveCfg = Debug|x64
		{9270C24C-CD3D-4F23-98CD-F0E6F62AEAAE}.Debug|x64.Build.0 = Debug|x64
		{9270C24C-CD3D-4F23-98CD-F0E6F62AEAAE}.Debug|x86.ActiveCfg = Debug|Win32
		{9270C24C-CD3D-4F23-98CD-F0E6F62AEAAE}.Debug|x86.Build.0 = Debug|Win32
		{9270C24C-CD3D-4F23-98CD-F0E6F62AEAAE}.Release|x64.ActiveCfg = Release|x64
		{9270C24C-CD3D-4F23-98CD-F0E6F62AEAAE}.Release|x64.Build.0 = Release|x64
		{9270C24C-CD3D-4F23-98CD-F0E6F62AEAAE}.Release|x86.ActiveCfg = Release|Win32
		{9270C24C-CD3D-4F23-98CD-F0E6F62AEAAE}.Release|x86.Build.0 = Release|Win32
	EndGlobalSection
	GlobalSection(SolutionProperties) = preSolution
		HideSolutionNode = FALSE
	EndGlobalSection
	GlobalSection(ExtensibilityGlobals) = postSolution
		SolutionGuid = {DCFC60C8-C04B-4BB3-AE67-39BD911744C8}
	EndGlobalSection
EndGlobal
