
Microsoft Visual Studio Solution File, Format Version 12.00
# Visual Studio Version 17
VisualStudioVersion = 17.0.31919.166
MinimumVisualStudioVersion = 10.0.40219.1
Project("{8BC9CEB8-8B4A-11D0-8D11-00A0C91BC942}") = "Task26", "Task26.vcxproj", "{D1C7C78A-ECD5-4EDF-943B-AC8BF0C1FCA0}"
EndProject
Global
	GlobalSection(SolutionConfigurationPlatforms) = preSolution
		Debug|x64 = Debug|x64
		Debug|x86 = Debug|x86
		Release|x64 = Release|x64
		Release|x86 = Release|x86
	EndGlobalSection
	GlobalSection(ProjectConfigurationPlatforms) = postSolution
		{D1C7C78A-ECD5-4EDF-943B-AC8BF0C1FCA0}.Debug|x64.ActiveCfg = Debug|x64
		{D1C7C78A-ECD5-4EDF-943B-AC8BF0C1FCA0}.Debug|x64.Build.0 = Debug|x64
		{D1C7C78A-ECD5-4EDF-943B-AC8BF0C1FCA0}.Debug|x86.ActiveCfg = Debug|Win32
		{D1C7C78A-ECD5-4EDF-943B-AC8BF0C1FCA0}.Debug|x86.Build.0 = Debug|Win32
		{D1C7C78A-ECD5-4EDF-943B-AC8BF0C1FCA0}.Release|x64.ActiveCfg = Release|x64
		{D1C7C78A-ECD5-4EDF-943B-AC8BF0C1FCA0}.Release|x64.Build.0 = Release|x64
		{D1C7C78A-ECD5-4EDF-943B-AC8BF0C1FCA0}.Release|x86.ActiveCfg = Release|Win32
		{D1C7C78A-ECD5-4EDF-943B-AC8BF0C1FCA0}.Release|x86.Build.0 = Release|Win32
	EndGlobalSection
	GlobalSection(SolutionProperties) = preSolution
		HideSolutionNode = FALSE
	EndGlobalSection
	GlobalSection(ExtensibilityGlobals) = postSolution
		SolutionGuid = {5BF5525A-F92B-4726-AC03-A56DA61F7FAB}
	EndGlobalSection
EndGlobal
